
Microsoft Visual Studio Solution File, Format Version 12.00
# Visual Studio Version 17
VisualStudioVersion = 17.14.36429.23 d17.14
MinimumVisualStudioVersion = 10.0.40219.1
Project("{FAE04EC0-301F-11D3-BF4B-00C04F79EFBC}") = "Tyuiu.UsoltsevGP.Sprint1.Task0.V2", "Tyuiu.UsoltsevGP.Sprint1.Task0.V2\Tyuiu.UsoltsevGP.Sprint1.Task0.V2.csproj", "{7D5616A8-7FD3-44EA-8263-2CF68E8784E4}"
EndProject
Project("{FAE04EC0-301F-11D3-BF4B-00C04F79EFBC}") = "Tyuiu.UsoltsevGP.Sprint1.Task0.V2.Lib", "Tyuiu.UsoltsevGP.Sprint1.Task0.V2.Lib\Tyuiu.UsoltsevGP.Sprint1.Task0.V2.Lib.csproj", "{187DAA16-720D-45C9-AB30-A0010DCDEC5C}"
EndProject
Project("{FAE04EC0-301F-11D3-BF4B-00C04F79EFBC}") = "Tyuiu.UsoltsevGP.Sprint1.Task0.V2.Test", "Tyuiu.UsoltsevGP.Sprint1.Task0.V2.Test\Tyuiu.UsoltsevGP.Sprint1.Task0.V2.Test.csproj", "{FDF4D5F3-1A39-4EC9-8561-DB03139D19C8}"
EndProject
Global
	GlobalSection(SolutionConfigurationPlatforms) = preSolution
		Debug|Any CPU = Debug|Any CPU
		Release|Any CPU = Release|Any CPU
	EndGlobalSection
	GlobalSection(ProjectConfigurationPlatforms) = postSolution
		{7D5616A8-7FD3-44EA-8263-2CF68E8784E4}.Debug|Any CPU.ActiveCfg = Debug|Any CPU
		{7D5616A8-7FD3-44EA-8263-2CF68E8784E4}.Debug|Any CPU.Build.0 = Debug|Any CPU
		{7D5616A8-7FD3-44EA-8263-2CF68E8784E4}.Release|Any CPU.ActiveCfg = Release|Any CPU
		{7D5616A8-7FD3-44EA-8263-2CF68E8784E4}.Release|Any CPU.Build.0 = Release|Any CPU
		{187DAA16-720D-45C9-AB30-A0010DCDEC5C}.Debug|Any CPU.ActiveCfg = Debug|Any CPU
		{187DAA16-720D-45C9-AB30-A0010DCDEC5C}.Debug|Any CPU.Build.0 = Debug|Any CPU
		{187DAA16-720D-45C9-AB30-A0010DCDEC5C}.Release|Any CPU.ActiveCfg = Release|Any CPU
		{187DAA16-720D-45C9-AB30-A0010DCDEC5C}.Release|Any CPU.Build.0 = Release|Any CPU
		{FDF4D5F3-1A39-4EC9-8561-DB03139D19C8}.Debug|Any CPU.ActiveCfg = Debug|Any CPU
		{FDF4D5F3-1A39-4EC9-8561-DB03139D19C8}.Debug|Any CPU.Build.0 = Debug|Any CPU
		{FDF4D5F3-1A39-4EC9-8561-DB03139D19C8}.Release|Any CPU.ActiveCfg = Release|Any CPU
		{FDF4D5F3-1A39-4EC9-8561-DB03139D19C8}.Release|Any CPU.Build.0 = Release|Any CPU
	EndGlobalSection
	GlobalSection(SolutionProperties) = preSolution
		HideSolutionNode = FALSE
	EndGlobalSection
	GlobalSection(ExtensibilityGlobals) = postSolution
		SolutionGuid = {2E3A0C39-6765-40CB-8E61-898FF0693A75}
	EndGlobalSection
EndGlobal
