
Microsoft Visual Studio Solution File, Format Version 12.00
# Visual Studio Version 17
VisualStudioVersion = 17.14.36429.23
MinimumVisualStudioVersion = 10.0.40219.1
Project("{FAE04EC0-301F-11D3-BF4B-00C04F79EFBC}") = "Tyuiu.UsoltsevGP.Sprint1.Task0.V2", "Tyuiu.UsoltsevGP.Sprint1.Task0.V2\Tyuiu.UsoltsevGP.Sprint1.Task0.V2.csproj", "{7D5616A8-7FD3-44EA-8263-2CF68E8784E4}"
EndProject
Project("{FAE04EC0-301F-11D3-BF4B-00C04F79EFBC}") = "Tyuiu.UsoltsevGP.Sprint1.Task0.V2.Lib", "Tyuiu.UsoltsevGP.Sprint1.Task0.V2.Lib\Tyuiu.UsoltsevGP.Sprint1.Task0.V2.Lib.csproj", "{187DAA16-720D-45C9-AB30-A0010DCDEC5C}"
EndProject
Project("{FAE04EC0-301F-11D3-BF4B-00C04F79EFBC}") = "Tyuiu.UsoltsevGP.Sprint1.Task0.V2.Test", "Tyuiu.UsoltsevGP.Sprint1.Task0.V2.Test\Tyuiu.UsoltsevGP.Sprint1.Task0.V2.Test.csproj", "{FDF4D5F3-1A39-4EC9-8561-DB03139D19C8}"
EndProject
Project("{2150E333-8FDC-42A3-9474-1A3956D46DE8}") = "Task0", "Task0", "{02EA681E-C7D8-13C7-8484-4AC65E1B71E8}"
EndProject
Project("{2150E333-8FDC-42A3-9474-1A3956D46DE8}") = "Task1", "Task1", "{B03C1409-C8F7-4C91-A0E2-0157035AB65C}"
EndProject
Project("{FAE04EC0-301F-11D3-BF4B-00C04F79EFBC}") = "Tyuiu.UsoltsevGP.Sprint1.Task1.V16", "Tyuiu.UsoltsevGP.Sprint1.Task1.V16\Tyuiu.UsoltsevGP.Sprint1.Task1.V16.csproj", "{0A59E5E2-B299-4504-B898-7654423BC492}"
EndProject
Project("{FAE04EC0-301F-11D3-BF4B-00C04F79EFBC}") = "Tyuiu.UsoltsevGP.Sprint1.Task1.V16.Lib", "Tyuiu.UsoltsevGP.Sprint1.Task1.V16.Lib\Tyuiu.UsoltsevGP.Sprint1.Task1.V16.Lib.csproj", "{7A00C365-72AB-4282-BBE9-9E814DF7F49E}"
EndProject
Project("{FAE04EC0-301F-11D3-BF4B-00C04F79EFBC}") = "Tyuiu.UsoltsevGP.Sprint1.Task1.V16.Test", "Tyuiu.UsoltsevGP.Sprint1.Task1.V16.Test\Tyuiu.UsoltsevGP.Sprint1.Task1.V16.Test.csproj", "{005498FD-49D3-44E4-AEFD-7E3800B1103D}"
EndProject
Project("{2150E333-8FDC-42A3-9474-1A3956D46DE8}") = "Task2", "Task2", "{B5DA18DC-6297-4826-8FC8-ADCAC152C64F}"
EndProject
Project("{FAE04EC0-301F-11D3-BF4B-00C04F79EFBC}") = "Tyuiu.UsoltsevGP.Sprint1.Task2.V14", "Tyuiu.UsoltsevGP.Sprint1.Task2.V14\Tyuiu.UsoltsevGP.Sprint1.Task2.V14.csproj", "{D19245AA-674B-4350-99ED-5C07DEA7663A}"
EndProject
Project("{FAE04EC0-301F-11D3-BF4B-00C04F79EFBC}") = "Tyuiu.UsoltsevGP.Sprint1.Task2.V14.Lib", "Tyuiu.UsoltsevGP.Sprint1.Task2.V14.Lib\Tyuiu.UsoltsevGP.Sprint1.Task2.V14.Lib.csproj", "{F6DEE174-0EBB-46BB-8F47-C8618E126EA5}"
EndProject
Project("{FAE04EC0-301F-11D3-BF4B-00C04F79EFBC}") = "Tyuiu.UsoltsevGP.Sprint1.Task2.V14.Test", "Tyuiu.UsoltsevGP.Sprint1.Task2.V14.Test\Tyuiu.UsoltsevGP.Sprint1.Task2.V14.Test.csproj", "{43D49679-DAFB-42DC-9E8E-AFE5E3E19399}"
EndProject
Project("{2150E333-8FDC-42A3-9474-1A3956D46DE8}") = "Task3", "Task3", "{9F7A35ED-F9B1-4AC8-ABB3-74003F7785E2}"
EndProject
Project("{FAE04EC0-301F-11D3-BF4B-00C04F79EFBC}") = "Tyuiu.UsoltsevGP.Sprint1.Task3.V7", "Tyuiu.UsoltsevGP.Sprint1.Task3.V7\Tyuiu.UsoltsevGP.Sprint1.Task3.V7.csproj", "{679FB845-C33B-4843-AEB0-7B4F8289987B}"
EndProject
Project("{FAE04EC0-301F-11D3-BF4B-00C04F79EFBC}") = "Tyuiu.UsoltsevGP.Sprint1.Task3.V7.Lib", "Tyuiu.UsoltsevGP.Sprint1.Task3.V7.Lib\Tyuiu.UsoltsevGP.Sprint1.Task3.V7.Lib.csproj", "{629B33A8-18CF-4813-A2B7-45EF72DB5D13}"
EndProject
Project("{FAE04EC0-301F-11D3-BF4B-00C04F79EFBC}") = "Tyuiu.UsoltsevGP.Sprint1.Task3.V7.Test", "Tyuiu.UsoltsevGP.Sprint1.Task3.V7.Test\Tyuiu.UsoltsevGP.Sprint1.Task3.V7.Test.csproj", "{9AE57D09-B8DE-4507-B8F8-7A73D2216998}"
EndProject
Project("{FAE04EC0-301F-11D3-BF4B-00C04F79EFBC}") = "Tyuiu.UsoltsevGP.Sprint1.Task4.V27", "Tyuiu.UsoltsevGP.Sprint1.Task4.V27\Tyuiu.UsoltsevGP.Sprint1.Task4.V27.csproj", "{B9ECAC45-D72A-49CD-8353-0DE57FD98523}"
EndProject
Project("{2150E333-8FDC-42A3-9474-1A3956D46DE8}") = "Task4", "Task4", "{80EA445C-675C-4B93-B213-2138AF681F41}"
EndProject
Project("{FAE04EC0-301F-11D3-BF4B-00C04F79EFBC}") = "Tyuiu.UsoltsevGP.Sprint1.Task4.V27.Lib", "Tyuiu.UsoltsevGP.Sprint1.Task4.V27.Lib\Tyuiu.UsoltsevGP.Sprint1.Task4.V27.Lib.csproj", "{C9420B7E-2D61-4F6C-AC76-960A84BF0D2C}"
EndProject
Project("{FAE04EC0-301F-11D3-BF4B-00C04F79EFBC}") = "Tyuiu.UsoltsevGP.Sprint1.Task4.V27.Test", "Tyuiu.UsoltsevGP.Sprint1.Task4.V27.Test\Tyuiu.UsoltsevGP.Sprint1.Task4.V27.Test.csproj", "{46A3D46F-FE7F-49BA-832E-E5BB9FE7DD72}"
EndProject
Project("{2150E333-8FDC-42A3-9474-1A3956D46DE8}") = "Task5", "Task5", "{C89F2054-B4F3-4A38-BED1-7E0B1F79BBE3}"
EndProject
Project("{FAE04EC0-301F-11D3-BF4B-00C04F79EFBC}") = "Tyuiu.UsoltsevGP.Sprint1.Task5.V3", "Tyuiu.UsoltsevGP.Sprint1.Task5.V3\Tyuiu.UsoltsevGP.Sprint1.Task5.V3.csproj", "{63174022-F54C-4394-BC98-965821565B4D}"
EndProject
Project("{FAE04EC0-301F-11D3-BF4B-00C04F79EFBC}") = "Tyuiu.UsoltsevGP.Sprint1.Task5.V3.Lib", "Tyuiu.UsoltsevGP.Sprint1.Task5.V3.Lib\Tyuiu.UsoltsevGP.Sprint1.Task5.V3.Lib.csproj", "{6B4577D8-8A3B-4DCA-A064-78C032967020}"
EndProject
Project("{FAE04EC0-301F-11D3-BF4B-00C04F79EFBC}") = "Tyuiu.UsoltsevGP.Sprint1.Task5.V3.Test", "Tyuiu.UsoltsevGP.Sprint1.Task5.V3.Test\Tyuiu.UsoltsevGP.Sprint1.Task5.V3.Test.csproj", "{D64D7109-1DA7-4BAA-8D56-FACDADF6A6EA}"
EndProject
Project("{2150E333-8FDC-42A3-9474-1A3956D46DE8}") = "Task6", "Task6", "{2F243AF4-A152-4864-96DE-2833D7EEEE2A}"
EndProject
Project("{FAE04EC0-301F-11D3-BF4B-00C04F79EFBC}") = "Tyuiu.UsoltsevGP.Sprint1.Task6.V14", "Tyuiu.UsoltsevGP.Sprint1.Task6.V14\Tyuiu.UsoltsevGP.Sprint1.Task6.V14.csproj", "{F0E78E22-8D2E-49D2-B622-F51F4761C04C}"
EndProject
Project("{FAE04EC0-301F-11D3-BF4B-00C04F79EFBC}") = "Tyuiu.UsoltsevGP.Sprint1.Task6.V14.Lib", "Tyuiu.UsoltsevGP.Sprint1.Task6.V14.Lib\Tyuiu.UsoltsevGP.Sprint1.Task6.V14.Lib.csproj", "{16A9ACAC-2427-4A48-9F3F-898F9CE0E7AA}"
EndProject
Project("{FAE04EC0-301F-11D3-BF4B-00C04F79EFBC}") = "Tyuiu.UsoltsevGP.Sprint1.Task6.V14.Test", "Tyuiu.UsoltsevGP.Sprint1.Task6.V14.Test\Tyuiu.UsoltsevGP.Sprint1.Task6.V14.Test.csproj", "{7DBEF2A3-EBC8-4945-92CD-68CA45BE409C}"
EndProject
Global
	GlobalSection(SolutionConfigurationPlatforms) = preSolution
		Debug|Any CPU = Debug|Any CPU
		Release|Any CPU = Release|Any CPU
	EndGlobalSection
	GlobalSection(ProjectConfigurationPlatforms) = postSolution
		{7D5616A8-7FD3-44EA-8263-2CF68E8784E4}.Debug|Any CPU.ActiveCfg = Debug|Any CPU
		{7D5616A8-7FD3-44EA-8263-2CF68E8784E4}.Debug|Any CPU.Build.0 = Debug|Any CPU
		{7D5616A8-7FD3-44EA-8263-2CF68E8784E4}.Release|Any CPU.ActiveCfg = Release|Any CPU
		{7D5616A8-7FD3-44EA-8263-2CF68E8784E4}.Release|Any CPU.Build.0 = Release|Any CPU
		{187DAA16-720D-45C9-AB30-A0010DCDEC5C}.Debug|Any CPU.ActiveCfg = Debug|Any CPU
		{187DAA16-720D-45C9-AB30-A0010DCDEC5C}.Debug|Any CPU.Build.0 = Debug|Any CPU
		{187DAA16-720D-45C9-AB30-A0010DCDEC5C}.Release|Any CPU.ActiveCfg = Release|Any CPU
		{187DAA16-720D-45C9-AB30-A0010DCDEC5C}.Release|Any CPU.Build.0 = Release|Any CPU
		{FDF4D5F3-1A39-4EC9-8561-DB03139D19C8}.Debug|Any CPU.ActiveCfg = Debug|Any CPU
		{FDF4D5F3-1A39-4EC9-8561-DB03139D19C8}.Debug|Any CPU.Build.0 = Debug|Any CPU
		{FDF4D5F3-1A39-4EC9-8561-DB03139D19C8}.Release|Any CPU.ActiveCfg = Release|Any CPU
		{FDF4D5F3-1A39-4EC9-8561-DB03139D19C8}.Release|Any CPU.Build.0 = Release|Any CPU
		{0A59E5E2-B299-4504-B898-7654423BC492}.Debug|Any CPU.ActiveCfg = Debug|Any CPU
		{0A59E5E2-B299-4504-B898-7654423BC492}.Debug|Any CPU.Build.0 = Debug|Any CPU
		{0A59E5E2-B299-4504-B898-7654423BC492}.Release|Any CPU.ActiveCfg = Release|Any CPU
		{0A59E5E2-B299-4504-B898-7654423BC492}.Release|Any CPU.Build.0 = Release|Any CPU
		{7A00C365-72AB-4282-BBE9-9E814DF7F49E}.Debug|Any CPU.ActiveCfg = Debug|Any CPU
		{7A00C365-72AB-4282-BBE9-9E814DF7F49E}.Debug|Any CPU.Build.0 = Debug|Any CPU
		{7A00C365-72AB-4282-BBE9-9E814DF7F49E}.Release|Any CPU.ActiveCfg = Release|Any CPU
		{7A00C365-72AB-4282-BBE9-9E814DF7F49E}.Release|Any CPU.Build.0 = Release|Any CPU
		{005498FD-49D3-44E4-AEFD-7E3800B1103D}.Debug|Any CPU.ActiveCfg = Debug|Any CPU
		{005498FD-49D3-44E4-AEFD-7E3800B1103D}.Debug|Any CPU.Build.0 = Debug|Any CPU
		{005498FD-49D3-44E4-AEFD-7E3800B1103D}.Release|Any CPU.ActiveCfg = Release|Any CPU
		{005498FD-49D3-44E4-AEFD-7E3800B1103D}.Release|Any CPU.Build.0 = Release|Any CPU
		{D19245AA-674B-4350-99ED-5C07DEA7663A}.Debug|Any CPU.ActiveCfg = Debug|Any CPU
		{D19245AA-674B-4350-99ED-5C07DEA7663A}.Debug|Any CPU.Build.0 = Debug|Any CPU
		{D19245AA-674B-4350-99ED-5C07DEA7663A}.Release|Any CPU.ActiveCfg = Release|Any CPU
		{D19245AA-674B-4350-99ED-5C07DEA7663A}.Release|Any CPU.Build.0 = Release|Any CPU
		{F6DEE174-0EBB-46BB-8F47-C8618E126EA5}.Debug|Any CPU.ActiveCfg = Debug|Any CPU
		{F6DEE174-0EBB-46BB-8F47-C8618E126EA5}.Debug|Any CPU.Build.0 = Debug|Any CPU
		{F6DEE174-0EBB-46BB-8F47-C8618E126EA5}.Release|Any CPU.ActiveCfg = Release|Any CPU
		{F6DEE174-0EBB-46BB-8F47-C8618E126EA5}.Release|Any CPU.Build.0 = Release|Any CPU
		{43D49679-DAFB-42DC-9E8E-AFE5E3E19399}.Debug|Any CPU.ActiveCfg = Debug|Any CPU
		{43D49679-DAFB-42DC-9E8E-AFE5E3E19399}.Debug|Any CPU.Build.0 = Debug|Any CPU
		{43D49679-DAFB-42DC-9E8E-AFE5E3E19399}.Release|Any CPU.ActiveCfg = Release|Any CPU
		{43D49679-DAFB-42DC-9E8E-AFE5E3E19399}.Release|Any CPU.Build.0 = Release|Any CPU
		{679FB845-C33B-4843-AEB0-7B4F8289987B}.Debug|Any CPU.ActiveCfg = Debug|Any CPU
		{679FB845-C33B-4843-AEB0-7B4F8289987B}.Debug|Any CPU.Build.0 = Debug|Any CPU
		{679FB845-C33B-4843-AEB0-7B4F8289987B}.Release|Any CPU.ActiveCfg = Release|Any CPU
		{679FB845-C33B-4843-AEB0-7B4F8289987B}.Release|Any CPU.Build.0 = Release|Any CPU
		{629B33A8-18CF-4813-A2B7-45EF72DB5D13}.Debug|Any CPU.ActiveCfg = Debug|Any CPU
		{629B33A8-18CF-4813-A2B7-45EF72DB5D13}.Debug|Any CPU.Build.0 = Debug|Any CPU
		{629B33A8-18CF-4813-A2B7-45EF72DB5D13}.Release|Any CPU.ActiveCfg = Release|Any CPU
		{629B33A8-18CF-4813-A2B7-45EF72DB5D13}.Release|Any CPU.Build.0 = Release|Any CPU
		{9AE57D09-B8DE-4507-B8F8-7A73D2216998}.Debug|Any CPU.ActiveCfg = Debug|Any CPU
		{9AE57D09-B8DE-4507-B8F8-7A73D2216998}.Debug|Any CPU.Build.0 = Debug|Any CPU
		{9AE57D09-B8DE-4507-B8F8-7A73D2216998}.Release|Any CPU.ActiveCfg = Release|Any CPU
		{9AE57D09-B8DE-4507-B8F8-7A73D2216998}.Release|Any CPU.Build.0 = Release|Any CPU
		{B9ECAC45-D72A-49CD-8353-0DE57FD98523}.Debug|Any CPU.ActiveCfg = Debug|Any CPU
		{B9ECAC45-D72A-49CD-8353-0DE57FD98523}.Debug|Any CPU.Build.0 = Debug|Any CPU
		{B9ECAC45-D72A-49CD-8353-0DE57FD98523}.Release|Any CPU.ActiveCfg = Release|Any CPU
		{B9ECAC45-D72A-49CD-8353-0DE57FD98523}.Release|Any CPU.Build.0 = Release|Any CPU
		{C9420B7E-2D61-4F6C-AC76-960A84BF0D2C}.Debug|Any CPU.ActiveCfg = Debug|Any CPU
		{C9420B7E-2D61-4F6C-AC76-960A84BF0D2C}.Debug|Any CPU.Build.0 = Debug|Any CPU
		{C9420B7E-2D61-4F6C-AC76-960A84BF0D2C}.Release|Any CPU.ActiveCfg = Release|Any CPU
		{C9420B7E-2D61-4F6C-AC76-960A84BF0D2C}.Release|Any CPU.Build.0 = Release|Any CPU
		{46A3D46F-FE7F-49BA-832E-E5BB9FE7DD72}.Debug|Any CPU.ActiveCfg = Debug|Any CPU
		{46A3D46F-FE7F-49BA-832E-E5BB9FE7DD72}.Debug|Any CPU.Build.0 = Debug|Any CPU
		{46A3D46F-FE7F-49BA-832E-E5BB9FE7DD72}.Release|Any CPU.ActiveCfg = Release|Any CPU
		{46A3D46F-FE7F-49BA-832E-E5BB9FE7DD72}.Release|Any CPU.Build.0 = Release|Any CPU
		{63174022-F54C-4394-BC98-965821565B4D}.Debug|Any CPU.ActiveCfg = Debug|Any CPU
		{63174022-F54C-4394-BC98-965821565B4D}.Debug|Any CPU.Build.0 = Debug|Any CPU
		{63174022-F54C-4394-BC98-965821565B4D}.Release|Any CPU.ActiveCfg = Release|Any CPU
		{63174022-F54C-4394-BC98-965821565B4D}.Release|Any CPU.Build.0 = Release|Any CPU
		{6B4577D8-8A3B-4DCA-A064-78C032967020}.Debug|Any CPU.ActiveCfg = Debug|Any CPU
		{6B4577D8-8A3B-4DCA-A064-78C032967020}.Debug|Any CPU.Build.0 = Debug|Any CPU
		{6B4577D8-8A3B-4DCA-A064-78C032967020}.Release|Any CPU.ActiveCfg = Release|Any CPU
		{6B4577D8-8A3B-4DCA-A064-78C032967020}.Release|Any CPU.Build.0 = Release|Any CPU
		{D64D7109-1DA7-4BAA-8D56-FACDADF6A6EA}.Debug|Any CPU.ActiveCfg = Debug|Any CPU
		{D64D7109-1DA7-4BAA-8D56-FACDADF6A6EA}.Debug|Any CPU.Build.0 = Debug|Any CPU
		{D64D7109-1DA7-4BAA-8D56-FACDADF6A6EA}.Release|Any CPU.ActiveCfg = Release|Any CPU
		{D64D7109-1DA7-4BAA-8D56-FACDADF6A6EA}.Release|Any CPU.Build.0 = Release|Any CPU
		{F0E78E22-8D2E-49D2-B622-F51F4761C04C}.Debug|Any CPU.ActiveCfg = Debug|Any CPU
		{F0E78E22-8D2E-49D2-B622-F51F4761C04C}.Debug|Any CPU.Build.0 = Debug|Any CPU
		{F0E78E22-8D2E-49D2-B622-F51F4761C04C}.Release|Any CPU.ActiveCfg = Release|Any CPU
		{F0E78E22-8D2E-49D2-B622-F51F4761C04C}.Release|Any CPU.Build.0 = Release|Any CPU
		{16A9ACAC-2427-4A48-9F3F-898F9CE0E7AA}.Debug|Any CPU.ActiveCfg = Debug|Any CPU
		{16A9ACAC-2427-4A48-9F3F-898F9CE0E7AA}.Debug|Any CPU.Build.0 = Debug|Any CPU
		{16A9ACAC-2427-4A48-9F3F-898F9CE0E7AA}.Release|Any CPU.ActiveCfg = Release|Any CPU
		{16A9ACAC-2427-4A48-9F3F-898F9CE0E7AA}.Release|Any CPU.Build.0 = Release|Any CPU
		{7DBEF2A3-EBC8-4945-92CD-68CA45BE409C}.Debug|Any CPU.ActiveCfg = Debug|Any CPU
		{7DBEF2A3-EBC8-4945-92CD-68CA45BE409C}.Debug|Any CPU.Build.0 = Debug|Any CPU
		{7DBEF2A3-EBC8-4945-92CD-68CA45BE409C}.Release|Any CPU.ActiveCfg = Release|Any CPU
		{7DBEF2A3-EBC8-4945-92CD-68CA45BE409C}.Release|Any CPU.Build.0 = Release|Any CPU
	EndGlobalSection
	GlobalSection(SolutionProperties) = preSolution
		HideSolutionNode = FALSE
	EndGlobalSection
	GlobalSection(NestedProjects) = preSolution
		{7D5616A8-7FD3-44EA-8263-2CF68E8784E4} = {02EA681E-C7D8-13C7-8484-4AC65E1B71E8}
		{187DAA16-720D-45C9-AB30-A0010DCDEC5C} = {02EA681E-C7D8-13C7-8484-4AC65E1B71E8}
		{FDF4D5F3-1A39-4EC9-8561-DB03139D19C8} = {02EA681E-C7D8-13C7-8484-4AC65E1B71E8}
		{0A59E5E2-B299-4504-B898-7654423BC492} = {B03C1409-C8F7-4C91-A0E2-0157035AB65C}
		{7A00C365-72AB-4282-BBE9-9E814DF7F49E} = {B03C1409-C8F7-4C91-A0E2-0157035AB65C}
		{005498FD-49D3-44E4-AEFD-7E3800B1103D} = {B03C1409-C8F7-4C91-A0E2-0157035AB65C}
		{D19245AA-674B-4350-99ED-5C07DEA7663A} = {B5DA18DC-6297-4826-8FC8-ADCAC152C64F}
		{F6DEE174-0EBB-46BB-8F47-C8618E126EA5} = {B5DA18DC-6297-4826-8FC8-ADCAC152C64F}
		{43D49679-DAFB-42DC-9E8E-AFE5E3E19399} = {B5DA18DC-6297-4826-8FC8-ADCAC152C64F}
		{679FB845-C33B-4843-AEB0-7B4F8289987B} = {9F7A35ED-F9B1-4AC8-ABB3-74003F7785E2}
		{629B33A8-18CF-4813-A2B7-45EF72DB5D13} = {9F7A35ED-F9B1-4AC8-ABB3-74003F7785E2}
		{9AE57D09-B8DE-4507-B8F8-7A73D2216998} = {9F7A35ED-F9B1-4AC8-ABB3-74003F7785E2}
		{B9ECAC45-D72A-49CD-8353-0DE57FD98523} = {80EA445C-675C-4B93-B213-2138AF681F41}
		{C9420B7E-2D61-4F6C-AC76-960A84BF0D2C} = {80EA445C-675C-4B93-B213-2138AF681F41}
		{46A3D46F-FE7F-49BA-832E-E5BB9FE7DD72} = {80EA445C-675C-4B93-B213-2138AF681F41}
		{63174022-F54C-4394-BC98-965821565B4D} = {C89F2054-B4F3-4A38-BED1-7E0B1F79BBE3}
		{6B4577D8-8A3B-4DCA-A064-78C032967020} = {C89F2054-B4F3-4A38-BED1-7E0B1F79BBE3}
		{D64D7109-1DA7-4BAA-8D56-FACDADF6A6EA} = {C89F2054-B4F3-4A38-BED1-7E0B1F79BBE3}
		{F0E78E22-8D2E-49D2-B622-F51F4761C04C} = {2F243AF4-A152-4864-96DE-2833D7EEEE2A}
		{16A9ACAC-2427-4A48-9F3F-898F9CE0E7AA} = {2F243AF4-A152-4864-96DE-2833D7EEEE2A}
		{7DBEF2A3-EBC8-4945-92CD-68CA45BE409C} = {2F243AF4-A152-4864-96DE-2833D7EEEE2A}
	EndGlobalSection
	GlobalSection(ExtensibilityGlobals) = postSolution
		SolutionGuid = {2E3A0C39-6765-40CB-8E61-898FF0693A75}
	EndGlobalSection
EndGlobal
